
Microsoft Visual Studio Solution File, Format Version 12.00
# Visual Studio 14
VisualStudioVersion = 14.0.23107.0
MinimumVisualStudioVersion = 10.0.40219.1
Project("{FAE04EC0-301F-11D3-BF4B-00C04F79EFBC}") = "ModelLayer", "ModelLayer\ModelLayer.csproj", "{F3446DFC-E7A2-4B74-B0D7-5F87E8695544}"
EndProject
Project("{FAE04EC0-301F-11D3-BF4B-00C04F79EFBC}") = "CoreLayer", "CoreLayer\CoreLayer.csproj", "{6BE893D4-9DD8-4E51-8AE1-90A45F2F0B3D}"
EndProject
Project("{FAE04EC0-301F-11D3-BF4B-00C04F79EFBC}") = "DAL", "DAL\DAL.csproj", "{6449AB86-4B4C-4468-A84A-1092B9292825}"
EndProject
Project("{FAE04EC0-301F-11D3-BF4B-00C04F79EFBC}") = "BusinessLogicLayer", "BusinessLogicLayer\BusinessLogicLayer.csproj", "{4C58D82F-CD6D-46FE-82F2-5BD7D1AEE676}"
EndProject
Global
	GlobalSection(SolutionConfigurationPlatforms) = preSolution
		Debug|Any CPU = Debug|Any CPU
		Release|Any CPU = Release|Any CPU
	EndGlobalSection
	GlobalSection(ProjectConfigurationPlatforms) = postSolution
		{F3446DFC-E7A2-4B74-B0D7-5F87E8695544}.Debug|Any CPU.ActiveCfg = Debug|Any CPU
		{F3446DFC-E7A2-4B74-B0D7-5F87E8695544}.Debug|Any CPU.Build.0 = Debug|Any CPU
		{F3446DFC-E7A2-4B74-B0D7-5F87E8695544}.Release|Any CPU.ActiveCfg = Release|Any CPU
		{F3446DFC-E7A2-4B74-B0D7-5F87E8695544}.Release|Any CPU.Build.0 = Release|Any CPU
		{6BE893D4-9DD8-4E51-8AE1-90A45F2F0B3D}.Debug|Any CPU.ActiveCfg = Debug|Any CPU
		{6BE893D4-9DD8-4E51-8AE1-90A45F2F0B3D}.Debug|Any CPU.Build.0 = Debug|Any CPU
		{6BE893D4-9DD8-4E51-8AE1-90A45F2F0B3D}.Release|Any CPU.ActiveCfg = Release|Any CPU
		{6BE893D4-9DD8-4E51-8AE1-90A45F2F0B3D}.Release|Any CPU.Build.0 = Release|Any CPU
		{6449AB86-4B4C-4468-A84A-1092B9292825}.Debug|Any CPU.ActiveCfg = Debug|Any CPU
		{6449AB86-4B4C-4468-A84A-1092B9292825}.Debug|Any CPU.Build.0 = Debug|Any CPU
		{6449AB86-4B4C-4468-A84A-1092B9292825}.Release|Any CPU.ActiveCfg = Release|Any CPU
		{6449AB86-4B4C-4468-A84A-1092B9292825}.Release|Any CPU.Build.0 = Release|Any CPU
		{4C58D82F-CD6D-46FE-82F2-5BD7D1AEE676}.Debug|Any CPU.ActiveCfg = Debug|Any CPU
		{4C58D82F-CD6D-46FE-82F2-5BD7D1AEE676}.Debug|Any CPU.Build.0 = Debug|Any CPU
		{4C58D82F-CD6D-46FE-82F2-5BD7D1AEE676}.Release|Any CPU.ActiveCfg = Release|Any CPU
		{4C58D82F-CD6D-46FE-82F2-5BD7D1AEE676}.Release|Any CPU.Build.0 = Release|Any CPU
	EndGlobalSection
	GlobalSection(SolutionProperties) = preSolution
		HideSolutionNode = FALSE
	EndGlobalSection
EndGlobal
